
Microsoft Visual Studio Solution File, Format Version 12.00
# Visual Studio Version 16
VisualStudioVersion = 16.0.31005.135
MinimumVisualStudioVersion = 10.0.40219.1
Project("{9A19103F-16F7-4668-BE54-9A1E7A4F7556}") = "EmailAPI", "EmailAPI\EmailAPI.csproj", "{571C98B8-5F69-447E-B48F-0F6E4F83664A}"
EndProject
Project("{9A19103F-16F7-4668-BE54-9A1E7A4F7556}") = "Core", "Core\Core.csproj", "{132DF1E5-E559-43B4-BE2A-AF3A06806D6F}"
EndProject
Project("{9A19103F-16F7-4668-BE54-9A1E7A4F7556}") = "Data", "Data\Data.csproj", "{D86E8C97-0F93-452E-912A-15764E9E82F5}"
EndProject
Project("{9A19103F-16F7-4668-BE54-9A1E7A4F7556}") = "Service", "Service\Service.csproj", "{FEEC5509-311A-4808-B7FE-C3C63465E40B}"
EndProject
Global
	GlobalSection(SolutionConfigurationPlatforms) = preSolution
		Debug|Any CPU = Debug|Any CPU
		Release|Any CPU = Release|Any CPU
	EndGlobalSection
	GlobalSection(ProjectConfigurationPlatforms) = postSolution
		{571C98B8-5F69-447E-B48F-0F6E4F83664A}.Debug|Any CPU.ActiveCfg = Debug|Any CPU
		{571C98B8-5F69-447E-B48F-0F6E4F83664A}.Debug|Any CPU.Build.0 = Debug|Any CPU
		{571C98B8-5F69-447E-B48F-0F6E4F83664A}.Release|Any CPU.ActiveCfg = Release|Any CPU
		{571C98B8-5F69-447E-B48F-0F6E4F83664A}.Release|Any CPU.Build.0 = Release|Any CPU
		{132DF1E5-E559-43B4-BE2A-AF3A06806D6F}.Debug|Any CPU.ActiveCfg = Debug|Any CPU
		{132DF1E5-E559-43B4-BE2A-AF3A06806D6F}.Debug|Any CPU.Build.0 = Debug|Any CPU
		{132DF1E5-E559-43B4-BE2A-AF3A06806D6F}.Release|Any CPU.ActiveCfg = Release|Any CPU
		{132DF1E5-E559-43B4-BE2A-AF3A06806D6F}.Release|Any CPU.Build.0 = Release|Any CPU
		{D86E8C97-0F93-452E-912A-15764E9E82F5}.Debug|Any CPU.ActiveCfg = Debug|Any CPU
		{D86E8C97-0F93-452E-912A-15764E9E82F5}.Debug|Any CPU.Build.0 = Debug|Any CPU
		{D86E8C97-0F93-452E-912A-15764E9E82F5}.Release|Any CPU.ActiveCfg = Release|Any CPU
		{D86E8C97-0F93-452E-912A-15764E9E82F5}.Release|Any CPU.Build.0 = Release|Any CPU
		{FEEC5509-311A-4808-B7FE-C3C63465E40B}.Debug|Any CPU.ActiveCfg = Debug|Any CPU
		{FEEC5509-311A-4808-B7FE-C3C63465E40B}.Debug|Any CPU.Build.0 = Debug|Any CPU
		{FEEC5509-311A-4808-B7FE-C3C63465E40B}.Release|Any CPU.ActiveCfg = Release|Any CPU
		{FEEC5509-311A-4808-B7FE-C3C63465E40B}.Release|Any CPU.Build.0 = Release|Any CPU
	EndGlobalSection
	GlobalSection(SolutionProperties) = preSolution
		HideSolutionNode = FALSE
	EndGlobalSection
	GlobalSection(ExtensibilityGlobals) = postSolution
		SolutionGuid = {32255C19-E3FF-4ADB-83C5-A0FA9403781E}
	EndGlobalSection
EndGlobal
